
Microsoft Visual Studio Solution File, Format Version 12.00
# Visual Studio 2013
VisualStudioVersion = 12.0.21005.1
MinimumVisualStudioVersion = 10.0.40219.1
Project("{FAE04EC0-301F-11D3-BF4B-00C04F79EFBC}") = "MeetingTrace", "MeetingTrace\MeetingTrace.csproj", "{38C41C0B-CFC2-4866-88A1-B6B1DCBFF061}"
EndProject
Project("{FAE04EC0-301F-11D3-BF4B-00C04F79EFBC}") = "ConferenceCore", "ConferenceCore\ConferenceCore.csproj", "{D1CA43C5-7DA2-43C1-8E1F-BFB060D1D824}"
EndProject
Global
	GlobalSection(SolutionConfigurationPlatforms) = preSolution
		Debug|Any CPU = Debug|Any CPU
		Release|Any CPU = Release|Any CPU
	EndGlobalSection
	GlobalSection(ProjectConfigurationPlatforms) = postSolution
		{38C41C0B-CFC2-4866-88A1-B6B1DCBFF061}.Debug|Any CPU.ActiveCfg = Debug|Any CPU
		{38C41C0B-CFC2-4866-88A1-B6B1DCBFF061}.Debug|Any CPU.Build.0 = Debug|Any CPU
		{38C41C0B-CFC2-4866-88A1-B6B1DCBFF061}.Release|Any CPU.ActiveCfg = Release|Any CPU
		{38C41C0B-CFC2-4866-88A1-B6B1DCBFF061}.Release|Any CPU.Build.0 = Release|Any CPU
		{D1CA43C5-7DA2-43C1-8E1F-BFB060D1D824}.Debug|Any CPU.ActiveCfg = Debug|Any CPU
		{D1CA43C5-7DA2-43C1-8E1F-BFB060D1D824}.Debug|Any CPU.Build.0 = Debug|Any CPU
		{D1CA43C5-7DA2-43C1-8E1F-BFB060D1D824}.Release|Any CPU.ActiveCfg = Release|Any CPU
		{D1CA43C5-7DA2-43C1-8E1F-BFB060D1D824}.Release|Any CPU.Build.0 = Release|Any CPU
	EndGlobalSection
	GlobalSection(SolutionProperties) = preSolution
		HideSolutionNode = FALSE
	EndGlobalSection
EndGlobal
